
Microsoft Visual Studio Solution File, Format Version 12.00
# Visual Studio Version 16
VisualStudioVersion = 16.0.30413.136
MinimumVisualStudioVersion = 10.0.40219.1
Project("{9A19103F-16F7-4668-BE54-9A1E7A4F7556}") = "web-app", "web-app\web-app.csproj", "{EFD52536-CEA3-4926-A747-826B66051AEC}"
EndProject
Project("{9A19103F-16F7-4668-BE54-9A1E7A4F7556}") = "desktop-app", "desktop-app\desktop-app.csproj", "{964E42E0-38B9-4F5A-9E53-463F2A7505D1}"
EndProject
Global
	GlobalSection(SolutionConfigurationPlatforms) = preSolution
		Debug|Any CPU = Debug|Any CPU
		Release|Any CPU = Release|Any CPU
	EndGlobalSection
	GlobalSection(ProjectConfigurationPlatforms) = postSolution
		{EFD52536-CEA3-4926-A747-826B66051AEC}.Debug|Any CPU.ActiveCfg = Debug|Any CPU
		{EFD52536-CEA3-4926-A747-826B66051AEC}.Debug|Any CPU.Build.0 = Debug|Any CPU
		{EFD52536-CEA3-4926-A747-826B66051AEC}.Release|Any CPU.ActiveCfg = Release|Any CPU
		{EFD52536-CEA3-4926-A747-826B66051AEC}.Release|Any CPU.Build.0 = Release|Any CPU
		{964E42E0-38B9-4F5A-9E53-463F2A7505D1}.Debug|Any CPU.ActiveCfg = Debug|Any CPU
		{964E42E0-38B9-4F5A-9E53-463F2A7505D1}.Debug|Any CPU.Build.0 = Debug|Any CPU
		{964E42E0-38B9-4F5A-9E53-463F2A7505D1}.Release|Any CPU.ActiveCfg = Release|Any CPU
		{964E42E0-38B9-4F5A-9E53-463F2A7505D1}.Release|Any CPU.Build.0 = Release|Any CPU
	EndGlobalSection
	GlobalSection(SolutionProperties) = preSolution
		HideSolutionNode = FALSE
	EndGlobalSection
	GlobalSection(ExtensibilityGlobals) = postSolution
		SolutionGuid = {5E66363A-24E2-4650-8972-72197075867E}
	EndGlobalSection
EndGlobal
